// !$*UTF8*$!
{
	archiveVersion = 1;
	classes = {
	};
	objectVersion = 77;
	objects = {

/* Begin PBXBuildFile section */
		73BD02482CF230BE00A1DBE8 /* SVProgressHUD in Frameworks */ = {isa = PBXBuildFile; productRef = 73BD02472CF230BE00A1DBE8 /* SVProgressHUD */; };
		73BD024C2CF23F2800A1DBE8 /* DZNEmptyDataSet in Frameworks */ = {isa = PBXBuildFile; productRef = 73BD024B2CF23F2800A1DBE8 /* DZNEmptyDataSet */; };
		73BD028B2CF2812A00A1DBE8 /* Kingfisher in Frameworks */ = {isa = PBXBuildFile; productRef = 73BD028A2CF2812A00A1DBE8 /* Kingfisher */; };
		73BD02932CF3621600A1DBE8 /* SVProgressHUD in Frameworks */ = {isa = PBXBuildFile; productRef = 73BD02922CF3621600A1DBE8 /* SVProgressHUD */; };
		73BD02952CF3621B00A1DBE8 /* DZNEmptyDataSet in Frameworks */ = {isa = PBXBuildFile; productRef = 73BD02942CF3621B00A1DBE8 /* DZNEmptyDataSet */; };
		73BD02972CF3626700A1DBE8 /* Kingfisher in Frameworks */ = {isa = PBXBuildFile; productRef = 73BD02962CF3626700A1DBE8 /* Kingfisher */; };
		73BD029D2CF3663900A1DBE8 /* OHHTTPStubs in Frameworks */ = {isa = PBXBuildFile; productRef = 73BD029C2CF3663900A1DBE8 /* OHHTTPStubs */; };
		73BD029F2CF3663900A1DBE8 /* OHHTTPStubsSwift in Frameworks */ = {isa = PBXBuildFile; productRef = 73BD029E2CF3663900A1DBE8 /* OHHTTPStubsSwift */; };
/* End PBXBuildFile section */

/* Begin PBXContainerItemProxy section */
		73BD01FE2CF20A7500A1DBE8 /* PBXContainerItemProxy */ = {
			isa = PBXContainerItemProxy;
			containerPortal = 73BD01DC2CF20A7400A1DBE8 /* Project object */;
			proxyType = 1;
			remoteGlobalIDString = 73BD01E32CF20A7400A1DBE8;
			remoteInfo = Recipes;
		};
		73BD02082CF20A7500A1DBE8 /* PBXContainerItemProxy */ = {
			isa = PBXContainerItemProxy;
			containerPortal = 73BD01DC2CF20A7400A1DBE8 /* Project object */;
			proxyType = 1;
			remoteGlobalIDString = 73BD01E32CF20A7400A1DBE8;
			remoteInfo = Recipes;
		};
/* End PBXContainerItemProxy section */

/* Begin PBXFileReference section */
		73BD01E42CF20A7400A1DBE8 /* Recipes.app */ = {isa = PBXFileReference; explicitFileType = wrapper.application; includeInIndex = 0; path = Recipes.app; sourceTree = BUILT_PRODUCTS_DIR; };
		73BD01FD2CF20A7500A1DBE8 /* RecipesTests.xctest */ = {isa = PBXFileReference; explicitFileType = wrapper.cfbundle; includeInIndex = 0; path = RecipesTests.xctest; sourceTree = BUILT_PRODUCTS_DIR; };
		73BD02072CF20A7500A1DBE8 /* RecipesUITests.xctest */ = {isa = PBXFileReference; explicitFileType = wrapper.cfbundle; includeInIndex = 0; path = RecipesUITests.xctest; sourceTree = BUILT_PRODUCTS_DIR; };
/* End PBXFileReference section */

/* Begin PBXFileSystemSynchronizedBuildFileExceptionSet section */
		73BD020F2CF20A7500A1DBE8 /* Exceptions for "Recipes" folder in "Recipes" target */ = {
			isa = PBXFileSystemSynchronizedBuildFileExceptionSet;
			membershipExceptions = (
				Info.plist,
			);
			target = 73BD01E32CF20A7400A1DBE8 /* Recipes */;
		};
/* End PBXFileSystemSynchronizedBuildFileExceptionSet section */

/* Begin PBXFileSystemSynchronizedRootGroup section */
		73BD01E62CF20A7400A1DBE8 /* Recipes */ = {
			isa = PBXFileSystemSynchronizedRootGroup;
			exceptions = (
				73BD020F2CF20A7500A1DBE8 /* Exceptions for "Recipes" folder in "Recipes" target */,
			);
			path = Recipes;
			sourceTree = "<group>";
		};
		73BD02002CF20A7500A1DBE8 /* RecipesTests */ = {
			isa = PBXFileSystemSynchronizedRootGroup;
			path = RecipesTests;
			sourceTree = "<group>";
		};
		73BD020A2CF20A7500A1DBE8 /* RecipesUITests */ = {
			isa = PBXFileSystemSynchronizedRootGroup;
			path = RecipesUITests;
			sourceTree = "<group>";
		};
/* End PBXFileSystemSynchronizedRootGroup section */

/* Begin PBXFrameworksBuildPhase section */
		73BD01E12CF20A7400A1DBE8 /* Frameworks */ = {
			isa = PBXFrameworksBuildPhase;
			buildActionMask = 2147483647;
			files = (
				73BD028B2CF2812A00A1DBE8 /* Kingfisher in Frameworks */,
				73BD024C2CF23F2800A1DBE8 /* DZNEmptyDataSet in Frameworks */,
				73BD02482CF230BE00A1DBE8 /* SVProgressHUD in Frameworks */,
			);
			runOnlyForDeploymentPostprocessing = 0;
		};
		73BD01FA2CF20A7500A1DBE8 /* Frameworks */ = {
			isa = PBXFrameworksBuildPhase;
			buildActionMask = 2147483647;
			files = (
				73BD02972CF3626700A1DBE8 /* Kingfisher in Frameworks */,
				73BD02952CF3621B00A1DBE8 /* DZNEmptyDataSet in Frameworks */,
				73BD02932CF3621600A1DBE8 /* SVProgressHUD in Frameworks */,
				73BD029F2CF3663900A1DBE8 /* OHHTTPStubsSwift in Frameworks */,
				73BD029D2CF3663900A1DBE8 /* OHHTTPStubs in Frameworks */,
			);
			runOnlyForDeploymentPostprocessing = 0;
		};
		73BD02042CF20A7500A1DBE8 /* Frameworks */ = {
			isa = PBXFrameworksBuildPhase;
			buildActionMask = 2147483647;
			files = (
			);
			runOnlyForDeploymentPostprocessing = 0;
		};
/* End PBXFrameworksBuildPhase section */

/* Begin PBXGroup section */
		73BD01DB2CF20A7400A1DBE8 = {
			isa = PBXGroup;
			children = (
				73BD01E62CF20A7400A1DBE8 /* Recipes */,
				73BD02002CF20A7500A1DBE8 /* RecipesTests */,
				73BD020A2CF20A7500A1DBE8 /* RecipesUITests */,
				73BD02462CF230BE00A1DBE8 /* Frameworks */,
				73BD01E52CF20A7400A1DBE8 /* Products */,
			);
			sourceTree = "<group>";
		};
		73BD01E52CF20A7400A1DBE8 /* Products */ = {
			isa = PBXGroup;
			children = (
				73BD01E42CF20A7400A1DBE8 /* Recipes.app */,
				73BD01FD2CF20A7500A1DBE8 /* RecipesTests.xctest */,
				73BD02072CF20A7500A1DBE8 /* RecipesUITests.xctest */,
			);
			name = Products;
			sourceTree = "<group>";
		};
		73BD02462CF230BE00A1DBE8 /* Frameworks */ = {
			isa = PBXGroup;
			children = (
			);
			name = Frameworks;
			sourceTree = "<group>";
		};
/* End PBXGroup section */

/* Begin PBXNativeTarget section */
		73BD01E32CF20A7400A1DBE8 /* Recipes */ = {
			isa = PBXNativeTarget;
			buildConfigurationList = 73BD02102CF20A7500A1DBE8 /* Build configuration list for PBXNativeTarget "Recipes" */;
			buildPhases = (
				73BD01E02CF20A7400A1DBE8 /* Sources */,
				73BD01E12CF20A7400A1DBE8 /* Frameworks */,
				73BD01E22CF20A7400A1DBE8 /* Resources */,
			);
			buildRules = (
			);
			dependencies = (
			);
			fileSystemSynchronizedGroups = (
				73BD01E62CF20A7400A1DBE8 /* Recipes */,
			);
			name = Recipes;
			packageProductDependencies = (
				73BD02472CF230BE00A1DBE8 /* SVProgressHUD */,
				73BD024B2CF23F2800A1DBE8 /* DZNEmptyDataSet */,
				73BD028A2CF2812A00A1DBE8 /* Kingfisher */,
			);
			productName = Recipes;
			productReference = 73BD01E42CF20A7400A1DBE8 /* Recipes.app */;
			productType = "com.apple.product-type.application";
		};
		73BD01FC2CF20A7500A1DBE8 /* RecipesTests */ = {
			isa = PBXNativeTarget;
			buildConfigurationList = 73BD02152CF20A7500A1DBE8 /* Build configuration list for PBXNativeTarget "RecipesTests" */;
			buildPhases = (
				73BD01F92CF20A7500A1DBE8 /* Sources */,
				73BD01FA2CF20A7500A1DBE8 /* Frameworks */,
				73BD01FB2CF20A7500A1DBE8 /* Resources */,
			);
			buildRules = (
			);
			dependencies = (
				73BD01FF2CF20A7500A1DBE8 /* PBXTargetDependency */,
			);
			fileSystemSynchronizedGroups = (
				73BD02002CF20A7500A1DBE8 /* RecipesTests */,
			);
			name = RecipesTests;
			packageProductDependencies = (
				73BD02922CF3621600A1DBE8 /* SVProgressHUD */,
				73BD02942CF3621B00A1DBE8 /* DZNEmptyDataSet */,
				73BD02962CF3626700A1DBE8 /* Kingfisher */,
				73BD029C2CF3663900A1DBE8 /* OHHTTPStubs */,
				73BD029E2CF3663900A1DBE8 /* OHHTTPStubsSwift */,
			);
			productName = RecipesTests;
			productReference = 73BD01FD2CF20A7500A1DBE8 /* RecipesTests.xctest */;
			productType = "com.apple.product-type.bundle.unit-test";
		};
		73BD02062CF20A7500A1DBE8 /* RecipesUITests */ = {
			isa = PBXNativeTarget;
			buildConfigurationList = 73BD02182CF20A7500A1DBE8 /* Build configuration list for PBXNativeTarget "RecipesUITests" */;
			buildPhases = (
				73BD02032CF20A7500A1DBE8 /* Sources */,
				73BD02042CF20A7500A1DBE8 /* Frameworks */,
				73BD02052CF20A7500A1DBE8 /* Resources */,
			);
			buildRules = (
			);
			dependencies = (
				73BD02092CF20A7500A1DBE8 /* PBXTargetDependency */,
			);
			fileSystemSynchronizedGroups = (
				73BD020A2CF20A7500A1DBE8 /* RecipesUITests */,
			);
			name = RecipesUITests;
			packageProductDependencies = (
			);
			productName = RecipesUITests;
			productReference = 73BD02072CF20A7500A1DBE8 /* RecipesUITests.xctest */;
			productType = "com.apple.product-type.bundle.ui-testing";
		};
/* End PBXNativeTarget section */

/* Begin PBXProject section */
		73BD01DC2CF20A7400A1DBE8 /* Project object */ = {
			isa = PBXProject;
			attributes = {
				BuildIndependentTargetsInParallel = 1;
				LastSwiftUpdateCheck = 1610;
				LastUpgradeCheck = 1610;
				TargetAttributes = {
					73BD01E32CF20A7400A1DBE8 = {
						CreatedOnToolsVersion = 16.1;
					};
					73BD01FC2CF20A7500A1DBE8 = {
						CreatedOnToolsVersion = 16.1;
						TestTargetID = 73BD01E32CF20A7400A1DBE8;
					};
					73BD02062CF20A7500A1DBE8 = {
						CreatedOnToolsVersion = 16.1;
						TestTargetID = 73BD01E32CF20A7400A1DBE8;
					};
				};
			};
			buildConfigurationList = 73BD01DF2CF20A7400A1DBE8 /* Build configuration list for PBXProject "Recipes" */;
			developmentRegion = en;
			hasScannedForEncodings = 0;
			knownRegions = (
				en,
				Base,
			);
			mainGroup = 73BD01DB2CF20A7400A1DBE8;
			minimizedProjectReferenceProxies = 1;
			packageReferences = (
				73BD02432CF22EAC00A1DBE8 /* XCRemoteSwiftPackageReference "SVProgressHUD" */,
				73BD024A2CF23F1D00A1DBE8 /* XCRemoteSwiftPackageReference "DZNEmptyDataSet" */,
				73BD02892CF2812A00A1DBE8 /* XCRemoteSwiftPackageReference "Kingfisher" */,
				73BD029B2CF3663900A1DBE8 /* XCRemoteSwiftPackageReference "OHHTTPStubs" */,
			);
			preferredProjectObjectVersion = 77;
			productRefGroup = 73BD01E52CF20A7400A1DBE8 /* Products */;
			projectDirPath = "";
			projectRoot = "";
			targets = (
				73BD01E32CF20A7400A1DBE8 /* Recipes */,
				73BD01FC2CF20A7500A1DBE8 /* RecipesTests */,
				73BD02062CF20A7500A1DBE8 /* RecipesUITests */,
			);
		};
/* End PBXProject section */

/* Begin PBXResourcesBuildPhase section */
		73BD01E22CF20A7400A1DBE8 /* Resources */ = {
			isa = PBXResourcesBuildPhase;
			buildActionMask = 2147483647;
			files = (
			);
			runOnlyForDeploymentPostprocessing = 0;
		};
		73BD01FB2CF20A7500A1DBE8 /* Resources */ = {
			isa = PBXResourcesBuildPhase;
			buildActionMask = 2147483647;
			files = (
			);
			runOnlyForDeploymentPostprocessing = 0;
		};
		73BD02052CF20A7500A1DBE8 /* Resources */ = {
			isa = PBXResourcesBuildPhase;
			buildActionMask = 2147483647;
			files = (
			);
			runOnlyForDeploymentPostprocessing = 0;
		};
/* End PBXResourcesBuildPhase section */

/* Begin PBXSourcesBuildPhase section */
		73BD01E02CF20A7400A1DBE8 /* Sources */ = {
			isa = PBXSourcesBuildPhase;
			buildActionMask = 2147483647;
			files = (
			);
			runOnlyForDeploymentPostprocessing = 0;
		};
		73BD01F92CF20A7500A1DBE8 /* Sources */ = {
			isa = PBXSourcesBuildPhase;
			buildActionMask = 2147483647;
			files = (
			);
			runOnlyForDeploymentPostprocessing = 0;
		};
		73BD02032CF20A7500A1DBE8 /* Sources */ = {
			isa = PBXSourcesBuildPhase;
			buildActionMask = 2147483647;
			files = (
			);
			runOnlyForDeploymentPostprocessing = 0;
		};
/* End PBXSourcesBuildPhase section */

/* Begin PBXTargetDependency section */
		73BD01FF2CF20A7500A1DBE8 /* PBXTargetDependency */ = {
			isa = PBXTargetDependency;
			target = 73BD01E32CF20A7400A1DBE8 /* Recipes */;
			targetProxy = 73BD01FE2CF20A7500A1DBE8 /* PBXContainerItemProxy */;
		};
		73BD02092CF20A7500A1DBE8 /* PBXTargetDependency */ = {
			isa = PBXTargetDependency;
			target = 73BD01E32CF20A7400A1DBE8 /* Recipes */;
			targetProxy = 73BD02082CF20A7500A1DBE8 /* PBXContainerItemProxy */;
		};
/* End PBXTargetDependency section */

/* Begin XCBuildConfiguration section */
		73BD02112CF20A7500A1DBE8 /* Debug */ = {
			isa = XCBuildConfiguration;
			buildSettings = {
				ASSETCATALOG_COMPILER_APPICON_NAME = AppIcon;
				ASSETCATALOG_COMPILER_GLOBAL_ACCENT_COLOR_NAME = AccentColor;
				CODE_SIGN_STYLE = Automatic;
				CURRENT_PROJECT_VERSION = 1;
				DEVELOPMENT_TEAM = 7QJ9LFQXX5;
				GENERATE_INFOPLIST_FILE = YES;
				INFOPLIST_FILE = Recipes/Info.plist;
				INFOPLIST_KEY_UIApplicationSupportsIndirectInputEvents = YES;
				INFOPLIST_KEY_UILaunchStoryboardName = LaunchScreen;
				INFOPLIST_KEY_UIMainStoryboardFile = Main;
				INFOPLIST_KEY_UISupportedInterfaceOrientations_iPad = "UIInterfaceOrientationPortrait UIInterfaceOrientationPortraitUpsideDown UIInterfaceOrientationLandscapeLeft UIInterfaceOrientationLandscapeRight";
				INFOPLIST_KEY_UISupportedInterfaceOrientations_iPhone = "UIInterfaceOrientationPortrait UIInterfaceOrientationLandscapeLeft UIInterfaceOrientationLandscapeRight";
				IPHONEOS_DEPLOYMENT_TARGET = 16.6;
				LD_RUNPATH_SEARCH_PATHS = (
					"$(inherited)",
					"@executable_path/Frameworks",
				);
				MARKETING_VERSION = 1.0;
				PRODUCT_BUNDLE_IDENTIFIER = com.irongeeksoftware.Recipes;
				PRODUCT_NAME = "$(TARGET_NAME)";
				SWIFT_EMIT_LOC_STRINGS = YES;
				SWIFT_VERSION = 5.0;
				TARGETED_DEVICE_FAMILY = "1,2";
			};
			name = Debug;
		};
		73BD02122CF20A7500A1DBE8 /* Release */ = {
			isa = XCBuildConfiguration;
			buildSettings = {
				ASSETCATALOG_COMPILER_APPICON_NAME = AppIcon;
				ASSETCATALOG_COMPILER_GLOBAL_ACCENT_COLOR_NAME = AccentColor;
				CODE_SIGN_STYLE = Automatic;
				CURRENT_PROJECT_VERSION = 1;
				DEVELOPMENT_TEAM = 7QJ9LFQXX5;
				GENERATE_INFOPLIST_FILE = YES;
				INFOPLIST_FILE = Recipes/Info.plist;
				INFOPLIST_KEY_UIApplicationSupportsIndirectInputEvents = YES;
				INFOPLIST_KEY_UILaunchStoryboardName = LaunchScreen;
				INFOPLIST_KEY_UIMainStoryboardFile = Main;
				INFOPLIST_KEY_UISupportedInterfaceOrientations_iPad = "UIInterfaceOrientationPortrait UIInterfaceOrientationPortraitUpsideDown UIInterfaceOrientationLandscapeLeft UIInterfaceOrientationLandscapeRight";
				INFOPLIST_KEY_UISupportedInterfaceOrientations_iPhone = "UIInterfaceOrientationPortrait UIInterfaceOrientationLandscapeLeft UIInterfaceOrientationLandscapeRight";
				IPHONEOS_DEPLOYMENT_TARGET = 16.6;
				LD_RUNPATH_SEARCH_PATHS = (
					"$(inherited)",
					"@executable_path/Frameworks",
				);
				MARKETING_VERSION = 1.0;
				PRODUCT_BUNDLE_IDENTIFIER = com.irongeeksoftware.Recipes;
				PRODUCT_NAME = "$(TARGET_NAME)";
				SWIFT_EMIT_LOC_STRINGS = YES;
				SWIFT_VERSION = 5.0;
				TARGETED_DEVICE_FAMILY = "1,2";
			};
			name = Release;
		};
		73BD02132CF20A7500A1DBE8 /* Debug */ = {
			isa = XCBuildConfiguration;
			buildSettings = {
				ALWAYS_SEARCH_USER_PATHS = NO;
				ASSETCATALOG_COMPILER_GENERATE_SWIFT_ASSET_SYMBOL_EXTENSIONS = YES;
				CLANG_ANALYZER_NONNULL = YES;
				CLANG_ANALYZER_NUMBER_OBJECT_CONVERSION = YES_AGGRESSIVE;
				CLANG_CXX_LANGUAGE_STANDARD = "gnu++20";
				CLANG_ENABLE_MODULES = YES;
				CLANG_ENABLE_OBJC_ARC = YES;
				CLANG_ENABLE_OBJC_WEAK = YES;
				CLANG_WARN_BLOCK_CAPTURE_AUTORELEASING = YES;
				CLANG_WARN_BOOL_CONVERSION = YES;
				CLANG_WARN_COMMA = YES;
				CLANG_WARN_CONSTANT_CONVERSION = YES;
				CLANG_WARN_DEPRECATED_OBJC_IMPLEMENTATIONS = YES;
				CLANG_WARN_DIRECT_OBJC_ISA_USAGE = YES_ERROR;
				CLANG_WARN_DOCUMENTATION_COMMENTS = YES;
				CLANG_WARN_EMPTY_BODY = YES;
				CLANG_WARN_ENUM_CONVERSION = YES;
				CLANG_WARN_INFINITE_RECURSION = YES;
				CLANG_WARN_INT_CONVERSION = YES;
				CLANG_WARN_NON_LITERAL_NULL_CONVERSION = YES;
				CLANG_WARN_OBJC_IMPLICIT_RETAIN_SELF = YES;
				CLANG_WARN_OBJC_LITERAL_CONVERSION = YES;
				CLANG_WARN_OBJC_ROOT_CLASS = YES_ERROR;
				CLANG_WARN_QUOTED_INCLUDE_IN_FRAMEWORK_HEADER = YES;
				CLANG_WARN_RANGE_LOOP_ANALYSIS = YES;
				CLANG_WARN_STRICT_PROTOTYPES = YES;
				CLANG_WARN_SUSPICIOUS_MOVE = YES;
				CLANG_WARN_UNGUARDED_AVAILABILITY = YES_AGGRESSIVE;
				CLANG_WARN_UNREACHABLE_CODE = YES;
				CLANG_WARN__DUPLICATE_METHOD_MATCH = YES;
				COPY_PHASE_STRIP = NO;
				DEBUG_INFORMATION_FORMAT = dwarf;
				ENABLE_STRICT_OBJC_MSGSEND = YES;
				ENABLE_TESTABILITY = YES;
				ENABLE_USER_SCRIPT_SANDBOXING = YES;
				GCC_C_LANGUAGE_STANDARD = gnu17;
				GCC_DYNAMIC_NO_PIC = NO;
				GCC_NO_COMMON_BLOCKS = YES;
				GCC_OPTIMIZATION_LEVEL = 0;
				GCC_PREPROCESSOR_DEFINITIONS = (
					"DEBUG=1",
					"$(inherited)",
				);
				GCC_WARN_64_TO_32_BIT_CONVERSION = YES;
				GCC_WARN_ABOUT_RETURN_TYPE = YES_ERROR;
				GCC_WARN_UNDECLARED_SELECTOR = YES;
				GCC_WARN_UNINITIALIZED_AUTOS = YES_AGGRESSIVE;
				GCC_WARN_UNUSED_FUNCTION = YES;
				GCC_WARN_UNUSED_VARIABLE = YES;
				IPHONEOS_DEPLOYMENT_TARGET = 18.1;
				LOCALIZATION_PREFERS_STRING_CATALOGS = YES;
				MTL_ENABLE_DEBUG_INFO = INCLUDE_SOURCE;
				MTL_FAST_MATH = YES;
				ONLY_ACTIVE_ARCH = YES;
				SDKROOT = iphoneos;
				SWIFT_ACTIVE_COMPILATION_CONDITIONS = "DEBUG $(inherited)";
				SWIFT_OPTIMIZATION_LEVEL = "-Onone";
			};
			name = Debug;
		};
		73BD02142CF20A7500A1DBE8 /* Release */ = {
			isa = XCBuildConfiguration;
			buildSettings = {
				ALWAYS_SEARCH_USER_PATHS = NO;
				ASSETCATALOG_COMPILER_GENERATE_SWIFT_ASSET_SYMBOL_EXTENSIONS = YES;
				CLANG_ANALYZER_NONNULL = YES;
				CLANG_ANALYZER_NUMBER_OBJECT_CONVERSION = YES_AGGRESSIVE;
				CLANG_CXX_LANGUAGE_STANDARD = "gnu++20";
				CLANG_ENABLE_MODULES = YES;
				CLANG_ENABLE_OBJC_ARC = YES;
				CLANG_ENABLE_OBJC_WEAK = YES;
				CLANG_WARN_BLOCK_CAPTURE_AUTORELEASING = YES;
				CLANG_WARN_BOOL_CONVERSION = YES;
				CLANG_WARN_COMMA = YES;
				CLANG_WARN_CONSTANT_CONVERSION = YES;
				CLANG_WARN_DEPRECATED_OBJC_IMPLEMENTATIONS = YES;
				CLANG_WARN_DIRECT_OBJC_ISA_USAGE = YES_ERROR;
				CLANG_WARN_DOCUMENTATION_COMMENTS = YES;
				CLANG_WARN_EMPTY_BODY = YES;
				CLANG_WARN_ENUM_CONVERSION = YES;
				CLANG_WARN_INFINITE_RECURSION = YES;
				CLANG_WARN_INT_CONVERSION = YES;
				CLANG_WARN_NON_LITERAL_NULL_CONVERSION = YES;
				CLANG_WARN_OBJC_IMPLICIT_RETAIN_SELF = YES;
				CLANG_WARN_OBJC_LITERAL_CONVERSION = YES;
				CLANG_WARN_OBJC_ROOT_CLASS = YES_ERROR;
				CLANG_WARN_QUOTED_INCLUDE_IN_FRAMEWORK_HEADER = YES;
				CLANG_WARN_RANGE_LOOP_ANALYSIS = YES;
				CLANG_WARN_STRICT_PROTOTYPES = YES;
				CLANG_WARN_SUSPICIOUS_MOVE = YES;
				CLANG_WARN_UNGUARDED_AVAILABILITY = YES_AGGRESSIVE;
				CLANG_WARN_UNREACHABLE_CODE = YES;
				CLANG_WARN__DUPLICATE_METHOD_MATCH = YES;
				COPY_PHASE_STRIP = NO;
				DEBUG_INFORMATION_FORMAT = "dwarf-with-dsym";
				ENABLE_NS_ASSERTIONS = NO;
				ENABLE_STRICT_OBJC_MSGSEND = YES;
				ENABLE_USER_SCRIPT_SANDBOXING = YES;
				GCC_C_LANGUAGE_STANDARD = gnu17;
				GCC_NO_COMMON_BLOCKS = YES;
				GCC_WARN_64_TO_32_BIT_CONVERSION = YES;
				GCC_WARN_ABOUT_RETURN_TYPE = YES_ERROR;
				GCC_WARN_UNDECLARED_SELECTOR = YES;
				GCC_WARN_UNINITIALIZED_AUTOS = YES_AGGRESSIVE;
				GCC_WARN_UNUSED_FUNCTION = YES;
				GCC_WARN_UNUSED_VARIABLE = YES;
				IPHONEOS_DEPLOYMENT_TARGET = 18.1;
				LOCALIZATION_PREFERS_STRING_CATALOGS = YES;
				MTL_ENABLE_DEBUG_INFO = NO;
				MTL_FAST_MATH = YES;
				SDKROOT = iphoneos;
				SWIFT_COMPILATION_MODE = wholemodule;
				VALIDATE_PRODUCT = YES;
			};
			name = Release;
		};
		73BD02162CF20A7500A1DBE8 /* Debug */ = {
			isa = XCBuildConfiguration;
			buildSettings = {
				BUNDLE_LOADER = "$(TEST_HOST)";
				CODE_SIGN_STYLE = Automatic;
				CURRENT_PROJECT_VERSION = 1;
				DEVELOPMENT_TEAM = 7QJ9LFQXX5;
				GENERATE_INFOPLIST_FILE = YES;
				IPHONEOS_DEPLOYMENT_TARGET = 18.1;
				MARKETING_VERSION = 1.0;
				PRODUCT_BUNDLE_IDENTIFIER = com.irongeeksoftware.RecipesTests;
				PRODUCT_NAME = "$(TARGET_NAME)";
				SWIFT_EMIT_LOC_STRINGS = NO;
				SWIFT_VERSION = 5.0;
				TARGETED_DEVICE_FAMILY = "1,2";
				TEST_HOST = "$(BUILT_PRODUCTS_DIR)/Recipes.app/$(BUNDLE_EXECUTABLE_FOLDER_PATH)/Recipes";
			};
			name = Debug;
		};
		73BD02172CF20A7500A1DBE8 /* Release */ = {
			isa = XCBuildConfiguration;
			buildSettings = {
				BUNDLE_LOADER = "$(TEST_HOST)";
				CODE_SIGN_STYLE = Automatic;
				CURRENT_PROJECT_VERSION = 1;
				DEVELOPMENT_TEAM = 7QJ9LFQXX5;
				GENERATE_INFOPLIST_FILE = YES;
				IPHONEOS_DEPLOYMENT_TARGET = 18.1;
				MARKETING_VERSION = 1.0;
				PRODUCT_BUNDLE_IDENTIFIER = com.irongeeksoftware.RecipesTests;
				PRODUCT_NAME = "$(TARGET_NAME)";
				SWIFT_EMIT_LOC_STRINGS = NO;
				SWIFT_VERSION = 5.0;
				TARGETED_DEVICE_FAMILY = "1,2";
				TEST_HOST = "$(BUILT_PRODUCTS_DIR)/Recipes.app/$(BUNDLE_EXECUTABLE_FOLDER_PATH)/Recipes";
			};
			name = Release;
		};
		73BD02192CF20A7500A1DBE8 /* Debug */ = {
			isa = XCBuildConfiguration;
			buildSettings = {
				CODE_SIGN_STYLE = Automatic;
				CURRENT_PROJECT_VERSION = 1;
				DEVELOPMENT_TEAM = 7QJ9LFQXX5;
				GENERATE_INFOPLIST_FILE = YES;
				MARKETING_VERSION = 1.0;
				PRODUCT_BUNDLE_IDENTIFIER = com.irongeeksoftware.RecipesUITests;
				PRODUCT_NAME = "$(TARGET_NAME)";
				SWIFT_EMIT_LOC_STRINGS = NO;
				SWIFT_VERSION = 5.0;
				TARGETED_DEVICE_FAMILY = "1,2";
				TEST_TARGET_NAME = Recipes;
			};
			name = Debug;
		};
		73BD021A2CF20A7500A1DBE8 /* Release */ = {
			isa = XCBuildConfiguration;
			buildSettings = {
				CODE_SIGN_STYLE = Automatic;
				CURRENT_PROJECT_VERSION = 1;
				DEVELOPMENT_TEAM = 7QJ9LFQXX5;
				GENERATE_INFOPLIST_FILE = YES;
				MARKETING_VERSION = 1.0;
				PRODUCT_BUNDLE_IDENTIFIER = com.irongeeksoftware.RecipesUITests;
				PRODUCT_NAME = "$(TARGET_NAME)";
				SWIFT_EMIT_LOC_STRINGS = NO;
				SWIFT_VERSION = 5.0;
				TARGETED_DEVICE_FAMILY = "1,2";
				TEST_TARGET_NAME = Recipes;
			};
			name = Release;
		};
/* End XCBuildConfiguration section */

/* Begin XCConfigurationList section */
		73BD01DF2CF20A7400A1DBE8 /* Build configuration list for PBXProject "Recipes" */ = {
			isa = XCConfigurationList;
			buildConfigurations = (
				73BD02132CF20A7500A1DBE8 /* Debug */,
				73BD02142CF20A7500A1DBE8 /* Release */,
			);
			defaultConfigurationIsVisible = 0;
			defaultConfigurationName = Release;
		};
		73BD02102CF20A7500A1DBE8 /* Build configuration list for PBXNativeTarget "Recipes" */ = {
			isa = XCConfigurationList;
			buildConfigurations = (
				73BD02112CF20A7500A1DBE8 /* Debug */,
				73BD02122CF20A7500A1DBE8 /* Release */,
			);
			defaultConfigurationIsVisible = 0;
			defaultConfigurationName = Release;
		};
		73BD02152CF20A7500A1DBE8 /* Build configuration list for PBXNativeTarget "RecipesTests" */ = {
			isa = XCConfigurationList;
			buildConfigurations = (
				73BD02162CF20A7500A1DBE8 /* Debug */,
				73BD02172CF20A7500A1DBE8 /* Release */,
			);
			defaultConfigurationIsVisible = 0;
			defaultConfigurationName = Release;
		};
		73BD02182CF20A7500A1DBE8 /* Build configuration list for PBXNativeTarget "RecipesUITests" */ = {
			isa = XCConfigurationList;
			buildConfigurations = (
				73BD02192CF20A7500A1DBE8 /* Debug */,
				73BD021A2CF20A7500A1DBE8 /* Release */,
			);
			defaultConfigurationIsVisible = 0;
			defaultConfigurationName = Release;
		};
/* End XCConfigurationList section */

/* Begin XCRemoteSwiftPackageReference section */
		73BD02432CF22EAC00A1DBE8 /* XCRemoteSwiftPackageReference "SVProgressHUD" */ = {
			isa = XCRemoteSwiftPackageReference;
			repositoryURL = "https://github.com/SVProgressHUD/SVProgressHUD.git";
			requirement = {
				kind = upToNextMajorVersion;
				minimumVersion = 2.3.1;
			};
		};
		73BD024A2CF23F1D00A1DBE8 /* XCRemoteSwiftPackageReference "DZNEmptyDataSet" */ = {
			isa = XCRemoteSwiftPackageReference;
			repositoryURL = "https://github.com/dzenbot/DZNEmptyDataSet";
			requirement = {
				branch = master;
				kind = branch;
			};
		};
		73BD02892CF2812A00A1DBE8 /* XCRemoteSwiftPackageReference "Kingfisher" */ = {
			isa = XCRemoteSwiftPackageReference;
			repositoryURL = "https://github.com/onevcat/Kingfisher.git";
			requirement = {
				kind = upToNextMajorVersion;
				minimumVersion = 7.0.0;
			};
		};
		73BD029B2CF3663900A1DBE8 /* XCRemoteSwiftPackageReference "OHHTTPStubs" */ = {
			isa = XCRemoteSwiftPackageReference;
			repositoryURL = "https://github.com/AliSoftware/OHHTTPStubs.git";
			requirement = {
				kind = upToNextMajorVersion;
				minimumVersion = 9.1.0;
			};
		};
/* End XCRemoteSwiftPackageReference section */

/* Begin XCSwiftPackageProductDependency section */
		73BD02472CF230BE00A1DBE8 /* SVProgressHUD */ = {
			isa = XCSwiftPackageProductDependency;
			package = 73BD02432CF22EAC00A1DBE8 /* XCRemoteSwiftPackageReference "SVProgressHUD" */;
			productName = SVProgressHUD;
		};
		73BD024B2CF23F2800A1DBE8 /* DZNEmptyDataSet */ = {
			isa = XCSwiftPackageProductDependency;
			package = 73BD024A2CF23F1D00A1DBE8 /* XCRemoteSwiftPackageReference "DZNEmptyDataSet" */;
			productName = DZNEmptyDataSet;
		};
		73BD028A2CF2812A00A1DBE8 /* Kingfisher */ = {
			isa = XCSwiftPackageProductDependency;
			package = 73BD02892CF2812A00A1DBE8 /* XCRemoteSwiftPackageReference "Kingfisher" */;
			productName = Kingfisher;
		};
		73BD02922CF3621600A1DBE8 /* SVProgressHUD */ = {
			isa = XCSwiftPackageProductDependency;
			package = 73BD02432CF22EAC00A1DBE8 /* XCRemoteSwiftPackageReference "SVProgressHUD" */;
			productName = SVProgressHUD;
		};
		73BD02942CF3621B00A1DBE8 /* DZNEmptyDataSet */ = {
			isa = XCSwiftPackageProductDependency;
			package = 73BD024A2CF23F1D00A1DBE8 /* XCRemoteSwiftPackageReference "DZNEmptyDataSet" */;
			productName = DZNEmptyDataSet;
		};
		73BD02962CF3626700A1DBE8 /* Kingfisher */ = {
			isa = XCSwiftPackageProductDependency;
			package = 73BD02892CF2812A00A1DBE8 /* XCRemoteSwiftPackageReference "Kingfisher" */;
			productName = Kingfisher;
		};
		73BD029C2CF3663900A1DBE8 /* OHHTTPStubs */ = {
			isa = XCSwiftPackageProductDependency;
			package = 73BD029B2CF3663900A1DBE8 /* XCRemoteSwiftPackageReference "OHHTTPStubs" */;
			productName = OHHTTPStubs;
		};
		73BD029E2CF3663900A1DBE8 /* OHHTTPStubsSwift */ = {
			isa = XCSwiftPackageProductDependency;
			package = 73BD029B2CF3663900A1DBE8 /* XCRemoteSwiftPackageReference "OHHTTPStubs" */;
			productName = OHHTTPStubsSwift;
		};
/* End XCSwiftPackageProductDependency section */
	};
	rootObject = 73BD01DC2CF20A7400A1DBE8 /* Project object */;
}
